
Microsoft Visual Studio Solution File, Format Version 12.00
# Visual Studio Version 17
VisualStudioVersion = 17.4.33110.190
MinimumVisualStudioVersion = 10.0.40219.1
Project("{FAE04EC0-301F-11D3-BF4B-00C04F79EFBC}") = "Obect-Oriented-Practice-Problems", "Obect-Oriented-Practice-Problems.csproj", "{661CB05C-F7A0-429E-A014-0A015FDB7CA5}"
EndProject
Global
	GlobalSection(SolutionConfigurationPlatforms) = preSolution
		Debug|Any CPU = Debug|Any CPU
		Release|Any CPU = Release|Any CPU
	EndGlobalSection
	GlobalSection(ProjectConfigurationPlatforms) = postSolution
		{661CB05C-F7A0-429E-A014-0A015FDB7CA5}.Debug|Any CPU.ActiveCfg = Debug|Any CPU
		{661CB05C-F7A0-429E-A014-0A015FDB7CA5}.Debug|Any CPU.Build.0 = Debug|Any CPU
		{661CB05C-F7A0-429E-A014-0A015FDB7CA5}.Release|Any CPU.ActiveCfg = Release|Any CPU
		{661CB05C-F7A0-429E-A014-0A015FDB7CA5}.Release|Any CPU.Build.0 = Release|Any CPU
	EndGlobalSection
	GlobalSection(SolutionProperties) = preSolution
		HideSolutionNode = FALSE
	EndGlobalSection
	GlobalSection(ExtensibilityGlobals) = postSolution
		SolutionGuid = {014EDF67-8223-421C-BD29-B063A261D05D}
	EndGlobalSection
EndGlobal
